
Microsoft Visual Studio Solution File, Format Version 12.00
# Visual Studio Version 16
VisualStudioVersion = 16.0.30804.86
MinimumVisualStudioVersion = 10.0.40219.1
Project("{FAE04EC0-301F-11D3-BF4B-00C04F79EFBC}") = "API", "API\API.csproj", "{3B6C2B54-B125-4B5B-A15A-01C19098C01B}"
EndProject
Project("{FAE04EC0-301F-11D3-BF4B-00C04F79EFBC}") = "Model", "Model\Model.csproj", "{0D19579E-1792-48EB-9766-F548A4668CB1}"
EndProject
Project("{FAE04EC0-301F-11D3-BF4B-00C04F79EFBC}") = "Infrastructure", "Infrastructure\Infrastructure.csproj", "{4674AA88-3661-4464-9F64-BDC456357F13}"
EndProject
Global
	GlobalSection(SolutionConfigurationPlatforms) = preSolution
		Debug|Any CPU = Debug|Any CPU
		Release|Any CPU = Release|Any CPU
	EndGlobalSection
	GlobalSection(ProjectConfigurationPlatforms) = postSolution
		{3B6C2B54-B125-4B5B-A15A-01C19098C01B}.Debug|Any CPU.ActiveCfg = Debug|Any CPU
		{3B6C2B54-B125-4B5B-A15A-01C19098C01B}.Debug|Any CPU.Build.0 = Debug|Any CPU
		{3B6C2B54-B125-4B5B-A15A-01C19098C01B}.Release|Any CPU.ActiveCfg = Release|Any CPU
		{3B6C2B54-B125-4B5B-A15A-01C19098C01B}.Release|Any CPU.Build.0 = Release|Any CPU
		{0D19579E-1792-48EB-9766-F548A4668CB1}.Debug|Any CPU.ActiveCfg = Debug|Any CPU
		{0D19579E-1792-48EB-9766-F548A4668CB1}.Debug|Any CPU.Build.0 = Debug|Any CPU
		{0D19579E-1792-48EB-9766-F548A4668CB1}.Release|Any CPU.ActiveCfg = Release|Any CPU
		{0D19579E-1792-48EB-9766-F548A4668CB1}.Release|Any CPU.Build.0 = Release|Any CPU
		{4674AA88-3661-4464-9F64-BDC456357F13}.Debug|Any CPU.ActiveCfg = Debug|Any CPU
		{4674AA88-3661-4464-9F64-BDC456357F13}.Debug|Any CPU.Build.0 = Debug|Any CPU
		{4674AA88-3661-4464-9F64-BDC456357F13}.Release|Any CPU.ActiveCfg = Release|Any CPU
		{4674AA88-3661-4464-9F64-BDC456357F13}.Release|Any CPU.Build.0 = Release|Any CPU
	EndGlobalSection
	GlobalSection(SolutionProperties) = preSolution
		HideSolutionNode = FALSE
	EndGlobalSection
	GlobalSection(ExtensibilityGlobals) = postSolution
		SolutionGuid = {B63A118D-3F76-4FF2-9762-0FFDBC731871}
	EndGlobalSection
EndGlobal
